{
  "name": "@viewdo/x-ui",
  "version": "0.1.0",
  "lockfileVersion": 1,
  "requires": true,
  "dependencies": {
    "@stencil/core": {
      "version": "2.3.0",
      "resolved": "https://registry.npmjs.org/@stencil/core/-/core-2.3.0.tgz",
      "integrity": "sha512-VZ/Ox0E1kngcmHbJhHUufuLELi+xG3of3LuRI3X2AMWyE82JUVYlOEsQci/YBZWpfc9BS9I36R88prBew22oew==",
      "dev": true
    },
    "@stencil/sass": {
      "version": "1.4.1",
      "resolved": "https://registry.npmjs.org/@stencil/sass/-/sass-1.4.1.tgz",
      "integrity": "sha512-aFKoqtxZ/8BRbvNFiWRycGiqvMI22Ifn5qsKfq0U23j43XD81jT6d7K0WQd55ejNpoSpdxJcbOuFgQy3mXizfA==",
      "dev": true
    },
    "@stencil/store": {
      "version": "1.3.0",
      "resolved": "https://registry.npmjs.org/@stencil/store/-/store-1.3.0.tgz",
      "integrity": "sha512-e1/Ru/q8P5BkqUYMF+kW54rFWyH9XRABLcxFLruUlbw+ZIGN5OwKe6Rf1vw1wQSa/6vMy0EQq5IrkRYNhENpOA==",
      "dev": true
    },
    "@types/lodash": {
      "version": "4.14.166",
      "resolved": "https://registry.npmjs.org/@types/lodash/-/lodash-4.14.166.tgz",
      "integrity": "sha512-A3YT/c1oTlyvvW/GQqG86EyqWNrT/tisOIh2mW3YCgcx71TNjiTZA3zYZWA5BCmtsOTXjhliy4c4yEkErw6njA==",
      "dev": true
    },
    "@types/lodash-es": {
      "version": "4.17.4",
      "resolved": "https://registry.npmjs.org/@types/lodash-es/-/lodash-es-4.17.4.tgz",
      "integrity": "sha512-BBz79DCJbD2CVYZH67MBeHZRX++HF+5p8Mo5MzjZi64Wac39S3diedJYHZtScbRVf4DjZyN6LzA0SB0zy+HSSQ==",
      "dev": true,
      "requires": {
        "@types/lodash": "*"
      }
    },
    "@types/searchjs": {
      "version": "1.0.0",
      "resolved": "https://registry.npmjs.org/@types/searchjs/-/searchjs-1.0.0.tgz",
      "integrity": "sha512-g7dZSN5buR4vYgCuwwKRyzJJCdQ83m8rz23jNxlDWrn71Yeh8cHL29XMVVAPsPqItIt3N/Qt8bvN7x5IEIc5Mg==",
      "dev": true
    },
    "expr-eval": {
      "version": "2.0.2",
      "resolved": "https://registry.npmjs.org/expr-eval/-/expr-eval-2.0.2.tgz",
      "integrity": "sha512-4EMSHGOPSwAfBiibw3ndnP0AvjDWLsMvGOvWEZ2F96IGk0bIVdjQisOHxReSkE13mHcfbuCiXw+G4y0zv6N8Eg=="
    },
    "howler": {
      "version": "2.2.1",
      "resolved": "https://registry.npmjs.org/howler/-/howler-2.2.1.tgz",
      "integrity": "sha512-0iIXvuBO/81CcrQ/HSSweYmbT50fT2mIc9XMFb+kxIfk2pW/iKzDbX1n3fZmDXMEIpYvyyfrB+gXwPYSDqUxIQ=="
    },
    "jsonata": {
      "version": "1.8.4",
      "resolved": "https://registry.npmjs.org/jsonata/-/jsonata-1.8.4.tgz",
      "integrity": "sha512-OqzmM5IICtm/687zckG5BROZzInGCEuKojpYs48H8RnkII8Np+o912ryvhnYwsRrSI24TQRG/qqrSwBuaneDbg=="
    },
    "searchjs": {
      "version": "1.1.0",
      "resolved": "https://registry.npmjs.org/searchjs/-/searchjs-1.1.0.tgz",
      "integrity": "sha512-reIbCxanRxsbrzwDyJKH7UuxjUWJTz5LVcTEIxQ+7joLDaNkomaLZ6YerF6BcvTPdJR7E2Z7TzFkjPI4ksiW7g=="
    }
  }
}
